
Microsoft Visual Studio Solution File, Format Version 12.00
# Visual Studio Version 17
VisualStudioVersion = 17.0.32014.148
MinimumVisualStudioVersion = 10.0.40219.1
Project("{FAE04EC0-301F-11D3-BF4B-00C04F79EFBC}") = "GalleryProject", "GalleryProject\GalleryProject.csproj", "{73BC4EDC-21B6-4CF7-8C1F-2FFA096FE7A5}"
EndProject
Project("{FAE04EC0-301F-11D3-BF4B-00C04F79EFBC}") = "Gallery.Domian", "Gallery.Domian\Gallery.Domian.csproj", "{DA7020BC-B3D4-4A09-B90F-8C6F8E4B2B2C}"
EndProject
Project("{FAE04EC0-301F-11D3-BF4B-00C04F79EFBC}") = "Gallery.Persistance", "Gallery.Persistance\Gallery.Persistance.csproj", "{B084A22A-8A8A-4F61-BE54-76AB6C227A99}"
EndProject
Global
	GlobalSection(SolutionConfigurationPlatforms) = preSolution
		Debug|Any CPU = Debug|Any CPU
		Release|Any CPU = Release|Any CPU
	EndGlobalSection
	GlobalSection(ProjectConfigurationPlatforms) = postSolution
		{73BC4EDC-21B6-4CF7-8C1F-2FFA096FE7A5}.Debug|Any CPU.ActiveCfg = Debug|Any CPU
		{73BC4EDC-21B6-4CF7-8C1F-2FFA096FE7A5}.Debug|Any CPU.Build.0 = Debug|Any CPU
		{73BC4EDC-21B6-4CF7-8C1F-2FFA096FE7A5}.Release|Any CPU.ActiveCfg = Release|Any CPU
		{73BC4EDC-21B6-4CF7-8C1F-2FFA096FE7A5}.Release|Any CPU.Build.0 = Release|Any CPU
		{DA7020BC-B3D4-4A09-B90F-8C6F8E4B2B2C}.Debug|Any CPU.ActiveCfg = Debug|Any CPU
		{DA7020BC-B3D4-4A09-B90F-8C6F8E4B2B2C}.Debug|Any CPU.Build.0 = Debug|Any CPU
		{DA7020BC-B3D4-4A09-B90F-8C6F8E4B2B2C}.Release|Any CPU.ActiveCfg = Release|Any CPU
		{DA7020BC-B3D4-4A09-B90F-8C6F8E4B2B2C}.Release|Any CPU.Build.0 = Release|Any CPU
		{B084A22A-8A8A-4F61-BE54-76AB6C227A99}.Debug|Any CPU.ActiveCfg = Debug|Any CPU
		{B084A22A-8A8A-4F61-BE54-76AB6C227A99}.Debug|Any CPU.Build.0 = Debug|Any CPU
		{B084A22A-8A8A-4F61-BE54-76AB6C227A99}.Release|Any CPU.ActiveCfg = Release|Any CPU
		{B084A22A-8A8A-4F61-BE54-76AB6C227A99}.Release|Any CPU.Build.0 = Release|Any CPU
	EndGlobalSection
	GlobalSection(SolutionProperties) = preSolution
		HideSolutionNode = FALSE
	EndGlobalSection
	GlobalSection(ExtensibilityGlobals) = postSolution
		SolutionGuid = {82441168-8BDC-4CDB-A91F-AD35D4FA815A}
	EndGlobalSection
EndGlobal
